
Microsoft Visual Studio Solution File, Format Version 12.00
# Visual Studio Version 17
VisualStudioVersion = 17.9.34622.214
MinimumVisualStudioVersion = 10.0.40219.1
Project("{888888A0-9F3D-457C-B088-3A5042F75D52}") = "ChatBotPython", "ChatBotPython\ChatBotPython.pyproj", "{EC0817E5-BA77-4E4B-A538-BD37F9BFA4CD}"
EndProject
Global
	GlobalSection(SolutionConfigurationPlatforms) = preSolution
		Debug|Any CPU = Debug|Any CPU
		Release|Any CPU = Release|Any CPU
	EndGlobalSection
	GlobalSection(ProjectConfigurationPlatforms) = postSolution
		{EC0817E5-BA77-4E4B-A538-BD37F9BFA4CD}.Debug|Any CPU.ActiveCfg = Debug|Any CPU
		{EC0817E5-BA77-4E4B-A538-BD37F9BFA4CD}.Release|Any CPU.ActiveCfg = Release|Any CPU
	EndGlobalSection
	GlobalSection(SolutionProperties) = preSolution
		HideSolutionNode = FALSE
	EndGlobalSection
	GlobalSection(ExtensibilityGlobals) = postSolution
		SolutionGuid = {AAD69DBF-EEE1-4507-99A5-362EC9DF1B5D}
	EndGlobalSection
EndGlobal
